
Microsoft Visual Studio Solution File, Format Version 12.00
# Visual Studio Version 17
VisualStudioVersion = 17.14.36511.14 d17.14
MinimumVisualStudioVersion = 10.0.40219.1
Project("{FAE04EC0-301F-11D3-BF4B-00C04F79EFBC}") = "ExpenseTracker", "ExpenseTracker\ExpenseTracker.csproj", "{69D139AD-E8D9-4BA2-B4F5-54AFE7DA9CEB}"
EndProject
Global
	GlobalSection(SolutionConfigurationPlatforms) = preSolution
		Debug|Any CPU = Debug|Any CPU
		Release|Any CPU = Release|Any CPU
	EndGlobalSection
	GlobalSection(ProjectConfigurationPlatforms) = postSolution
		{69D139AD-E8D9-4BA2-B4F5-54AFE7DA9CEB}.Debug|Any CPU.ActiveCfg = Debug|Any CPU
		{69D139AD-E8D9-4BA2-B4F5-54AFE7DA9CEB}.Debug|Any CPU.Build.0 = Debug|Any CPU
		{69D139AD-E8D9-4BA2-B4F5-54AFE7DA9CEB}.Release|Any CPU.ActiveCfg = Release|Any CPU
		{69D139AD-E8D9-4BA2-B4F5-54AFE7DA9CEB}.Release|Any CPU.Build.0 = Release|Any CPU
	EndGlobalSection
	GlobalSection(SolutionProperties) = preSolution
		HideSolutionNode = FALSE
	EndGlobalSection
	GlobalSection(ExtensibilityGlobals) = postSolution
		SolutionGuid = {32E73189-D7E9-4011-A1CF-17BCB736B80A}
	EndGlobalSection
EndGlobal
